
Microsoft Visual Studio Solution File, Format Version 12.00
# Visual Studio 15
VisualStudioVersion = 15.0.26430.15
MinimumVisualStudioVersion = 10.0.40219.1
Project("{FAE04EC0-301F-11D3-BF4B-00C04F79EFBC}") = "WebLogin", "WebLogin\WebLogin.csproj", "{9F2F4363-5751-4B44-8CC8-0D318E8C9507}"
EndProject
Project("{FAE04EC0-301F-11D3-BF4B-00C04F79EFBC}") = "CapaDatos", "CapaDatos\CapaDatos.csproj", "{5FCEBA19-39A5-4710-AEBE-DB700CFC94A8}"
EndProject
Project("{FAE04EC0-301F-11D3-BF4B-00C04F79EFBC}") = "CapaNegocio", "CapaNegocio\CapaNegocio.csproj", "{E8569D70-5A80-49E8-B84B-EA819F2E1A85}"
EndProject
Project("{FAE04EC0-301F-11D3-BF4B-00C04F79EFBC}") = "DTO", "DTO\DTO.csproj", "{8E8CFA35-3814-4DBA-9A5B-A36D47BCE4C8}"
EndProject
Global
	GlobalSection(SolutionConfigurationPlatforms) = preSolution
		Debug|Any CPU = Debug|Any CPU
		Release|Any CPU = Release|Any CPU
	EndGlobalSection
	GlobalSection(ProjectConfigurationPlatforms) = postSolution
		{9F2F4363-5751-4B44-8CC8-0D318E8C9507}.Debug|Any CPU.ActiveCfg = Debug|Any CPU
		{9F2F4363-5751-4B44-8CC8-0D318E8C9507}.Debug|Any CPU.Build.0 = Debug|Any CPU
		{9F2F4363-5751-4B44-8CC8-0D318E8C9507}.Release|Any CPU.ActiveCfg = Release|Any CPU
		{9F2F4363-5751-4B44-8CC8-0D318E8C9507}.Release|Any CPU.Build.0 = Release|Any CPU
		{5FCEBA19-39A5-4710-AEBE-DB700CFC94A8}.Debug|Any CPU.ActiveCfg = Debug|Any CPU
		{5FCEBA19-39A5-4710-AEBE-DB700CFC94A8}.Debug|Any CPU.Build.0 = Debug|Any CPU
		{5FCEBA19-39A5-4710-AEBE-DB700CFC94A8}.Release|Any CPU.ActiveCfg = Release|Any CPU
		{5FCEBA19-39A5-4710-AEBE-DB700CFC94A8}.Release|Any CPU.Build.0 = Release|Any CPU
		{E8569D70-5A80-49E8-B84B-EA819F2E1A85}.Debug|Any CPU.ActiveCfg = Debug|Any CPU
		{E8569D70-5A80-49E8-B84B-EA819F2E1A85}.Debug|Any CPU.Build.0 = Debug|Any CPU
		{E8569D70-5A80-49E8-B84B-EA819F2E1A85}.Release|Any CPU.ActiveCfg = Release|Any CPU
		{E8569D70-5A80-49E8-B84B-EA819F2E1A85}.Release|Any CPU.Build.0 = Release|Any CPU
		{8E8CFA35-3814-4DBA-9A5B-A36D47BCE4C8}.Debug|Any CPU.ActiveCfg = Debug|Any CPU
		{8E8CFA35-3814-4DBA-9A5B-A36D47BCE4C8}.Debug|Any CPU.Build.0 = Debug|Any CPU
		{8E8CFA35-3814-4DBA-9A5B-A36D47BCE4C8}.Release|Any CPU.ActiveCfg = Release|Any CPU
		{8E8CFA35-3814-4DBA-9A5B-A36D47BCE4C8}.Release|Any CPU.Build.0 = Release|Any CPU
	EndGlobalSection
	GlobalSection(SolutionProperties) = preSolution
		HideSolutionNode = FALSE
	EndGlobalSection
EndGlobal
